dependencies:
- name: redis
  repository: https://charts.bitnami.com/bitnami
  version: 17.3.14
- name: softhsm
  repository: https://mosip.github.io/mosip-helm
  version: 12.0.2
digest: sha256:7327243ef592beae15b7179dddab103e390deb66ac94326807f213de97cc47d9
generated: "2024-04-26T12:44:39.597867587Z"
